
Microsoft Visual Studio Solution File, Format Version 12.00
# Visual Studio Version 17
VisualStudioVersion = 17.9.34622.214
MinimumVisualStudioVersion = 10.0.40219.1
Project("{FAE04EC0-301F-11D3-BF4B-00C04F79EFBC}") = "Morse", "Morse\Morse.csproj", "{150B983F-088C-4668-9065-B4A7962C0F21}"
EndProject
Project("{FAE04EC0-301F-11D3-BF4B-00C04F79EFBC}") = "LibraryDictionary", "LibraryDictionary\LibraryDictionary.csproj", "{0EBC50F4-4511-42DB-8E7D-71287E7D6616}"
EndProject
Global
	GlobalSection(SolutionConfigurationPlatforms) = preSolution
		Debug|Any CPU = Debug|Any CPU
		Release|Any CPU = Release|Any CPU
	EndGlobalSection
	GlobalSection(ProjectConfigurationPlatforms) = postSolution
		{150B983F-088C-4668-9065-B4A7962C0F21}.Debug|Any CPU.ActiveCfg = Debug|Any CPU
		{150B983F-088C-4668-9065-B4A7962C0F21}.Debug|Any CPU.Build.0 = Debug|Any CPU
		{150B983F-088C-4668-9065-B4A7962C0F21}.Release|Any CPU.ActiveCfg = Release|Any CPU
		{150B983F-088C-4668-9065-B4A7962C0F21}.Release|Any CPU.Build.0 = Release|Any CPU
		{0EBC50F4-4511-42DB-8E7D-71287E7D6616}.Debug|Any CPU.ActiveCfg = Debug|Any CPU
		{0EBC50F4-4511-42DB-8E7D-71287E7D6616}.Debug|Any CPU.Build.0 = Debug|Any CPU
		{0EBC50F4-4511-42DB-8E7D-71287E7D6616}.Release|Any CPU.ActiveCfg = Release|Any CPU
		{0EBC50F4-4511-42DB-8E7D-71287E7D6616}.Release|Any CPU.Build.0 = Release|Any CPU
	EndGlobalSection
	GlobalSection(SolutionProperties) = preSolution
		HideSolutionNode = FALSE
	EndGlobalSection
	GlobalSection(ExtensibilityGlobals) = postSolution
		SolutionGuid = {7005C9E4-34BB-419D-AAD9-4A33CDD6F973}
	EndGlobalSection
EndGlobal
